
Microsoft Visual Studio Solution File, Format Version 12.00
# Visual Studio Version 17
VisualStudioVersion = 17.0.32112.339
MinimumVisualStudioVersion = 10.0.40219.1
Project("{FAE04EC0-301F-11D3-BF4B-00C04F79EFBC}") = "VideoUploaderWithProgress", "VideoUploaderWithProgress\VideoUploaderWithProgress.csproj", "{5E4A2738-C795-4335-AEF2-8DE0102FD9F1}"
EndProject
Global
	GlobalSection(SolutionConfigurationPlatforms) = preSolution
		Debug|Any CPU = Debug|Any CPU
		Release|Any CPU = Release|Any CPU
	EndGlobalSection
	GlobalSection(ProjectConfigurationPlatforms) = postSolution
		{5E4A2738-C795-4335-AEF2-8DE0102FD9F1}.Debug|Any CPU.ActiveCfg = Debug|Any CPU
		{5E4A2738-C795-4335-AEF2-8DE0102FD9F1}.Debug|Any CPU.Build.0 = Debug|Any CPU
		{5E4A2738-C795-4335-AEF2-8DE0102FD9F1}.Release|Any CPU.ActiveCfg = Release|Any CPU
		{5E4A2738-C795-4335-AEF2-8DE0102FD9F1}.Release|Any CPU.Build.0 = Release|Any CPU
	EndGlobalSection
	GlobalSection(SolutionProperties) = preSolution
		HideSolutionNode = FALSE
	EndGlobalSection
	GlobalSection(ExtensibilityGlobals) = postSolution
		SolutionGuid = {94977F71-AF97-4CFD-BC5A-62F36BFFFEEE}
	EndGlobalSection
EndGlobal
